
Microsoft Visual Studio Solution File, Format Version 12.00
# Visual Studio Version 16
VisualStudioVersion = 16.0.30309.148
MinimumVisualStudioVersion = 10.0.40219.1
Project("{8BC9CEB8-8B4A-11D0-8D11-00A0C91BC942}") = "PSSHW2", "PSSHW2.vcxproj", "{E55A4A7F-AC57-4D99-A222-B7E2E12AC6CE}"
EndProject
Global
	GlobalSection(SolutionConfigurationPlatforms) = preSolution
		Debug|x64 = Debug|x64
		Debug|x86 = Debug|x86
		Release|x64 = Release|x64
		Release|x86 = Release|x86
	EndGlobalSection
	GlobalSection(ProjectConfigurationPlatforms) = postSolution
		{E55A4A7F-AC57-4D99-A222-B7E2E12AC6CE}.Debug|x64.ActiveCfg = Debug|x64
		{E55A4A7F-AC57-4D99-A222-B7E2E12AC6CE}.Debug|x64.Build.0 = Debug|x64
		{E55A4A7F-AC57-4D99-A222-B7E2E12AC6CE}.Debug|x86.ActiveCfg = Debug|Win32
		{E55A4A7F-AC57-4D99-A222-B7E2E12AC6CE}.Debug|x86.Build.0 = Debug|Win32
		{E55A4A7F-AC57-4D99-A222-B7E2E12AC6CE}.Release|x64.ActiveCfg = Release|x64
		{E55A4A7F-AC57-4D99-A222-B7E2E12AC6CE}.Release|x64.Build.0 = Release|x64
		{E55A4A7F-AC57-4D99-A222-B7E2E12AC6CE}.Release|x86.ActiveCfg = Release|Win32
		{E55A4A7F-AC57-4D99-A222-B7E2E12AC6CE}.Release|x86.Build.0 = Release|Win32
	EndGlobalSection
	GlobalSection(SolutionProperties) = preSolution
		HideSolutionNode = FALSE
	EndGlobalSection
	GlobalSection(ExtensibilityGlobals) = postSolution
		SolutionGuid = {CEDD915B-C37D-4271-B85B-FE7A3F5AAA02}
	EndGlobalSection
EndGlobal
